
Microsoft Visual Studio Solution File, Format Version 12.00
# Visual Studio Version 17
VisualStudioVersion = 17.7.34202.233
MinimumVisualStudioVersion = 10.0.40219.1
Project("{FAE04EC0-301F-11D3-BF4B-00C04F79EFBC}") = "Single Layer Cerberus Search", "Single Layer Cerberus Search\Single Layer Cerberus Search.csproj", "{A317B599-427C-45B8-AF39-536FF8E612BE}"
EndProject
Global
	GlobalSection(SolutionConfigurationPlatforms) = preSolution
		Debug|Any CPU = Debug|Any CPU
		Release|Any CPU = Release|Any CPU
	EndGlobalSection
	GlobalSection(ProjectConfigurationPlatforms) = postSolution
		{A317B599-427C-45B8-AF39-536FF8E612BE}.Debug|Any CPU.ActiveCfg = Debug|Any CPU
		{A317B599-427C-45B8-AF39-536FF8E612BE}.Debug|Any CPU.Build.0 = Debug|Any CPU
		{A317B599-427C-45B8-AF39-536FF8E612BE}.Release|Any CPU.ActiveCfg = Release|Any CPU
		{A317B599-427C-45B8-AF39-536FF8E612BE}.Release|Any CPU.Build.0 = Release|Any CPU
	EndGlobalSection
	GlobalSection(SolutionProperties) = preSolution
		HideSolutionNode = FALSE
	EndGlobalSection
	GlobalSection(ExtensibilityGlobals) = postSolution
		SolutionGuid = {D3EA656B-8946-433E-9C35-29F7A55756D2}
	EndGlobalSection
EndGlobal
