
Microsoft Visual Studio Solution File, Format Version 12.00
# Visual Studio Version 17
VisualStudioVersion = 17.7.34202.233
MinimumVisualStudioVersion = 10.0.40219.1
Project("{FAE04EC0-301F-11D3-BF4B-00C04F79EFBC}") = "Cerberus Search Redesigned", "Cerberus Search Redesigned\Cerberus Search Redesigned.csproj", "{C8405C46-123D-4009-B801-2D4681118CEB}"
EndProject
Global
	GlobalSection(SolutionConfigurationPlatforms) = preSolution
		Debug|Any CPU = Debug|Any CPU
		Release|Any CPU = Release|Any CPU
	EndGlobalSection
	GlobalSection(ProjectConfigurationPlatforms) = postSolution
		{C8405C46-123D-4009-B801-2D4681118CEB}.Debug|Any CPU.ActiveCfg = Debug|Any CPU
		{C8405C46-123D-4009-B801-2D4681118CEB}.Debug|Any CPU.Build.0 = Debug|Any CPU
		{C8405C46-123D-4009-B801-2D4681118CEB}.Release|Any CPU.ActiveCfg = Release|Any CPU
		{C8405C46-123D-4009-B801-2D4681118CEB}.Release|Any CPU.Build.0 = Release|Any CPU
	EndGlobalSection
	GlobalSection(SolutionProperties) = preSolution
		HideSolutionNode = FALSE
	EndGlobalSection
	GlobalSection(ExtensibilityGlobals) = postSolution
		SolutionGuid = {CBE5664A-3EBF-4B6C-B02F-97E87A0CCE33}
	EndGlobalSection
EndGlobal
